
Microsoft Visual Studio Solution File, Format Version 12.00
# Visual Studio Version 16
VisualStudioVersion = 16.0.30503.244
MinimumVisualStudioVersion = 10.0.40219.1
Project("{9A19103F-16F7-4668-BE54-9A1E7A4F7556}") = "Simulator", "Simulator\Simulator.csproj", "{8D768989-9746-473D-B5BB-EDFFD62F87D9}"
EndProject
Project("{FAE04EC0-301F-11D3-BF4B-00C04F79EFBC}") = "SimulatorTest", "SimulatorTest\SimulatorTest.csproj", "{B9CBEDCC-91FB-46D5-821F-34EDC1D1288D}"
EndProject
Global
	GlobalSection(SolutionConfigurationPlatforms) = preSolution
		Debug|Any CPU = Debug|Any CPU
		Release|Any CPU = Release|Any CPU
	EndGlobalSection
	GlobalSection(ProjectConfigurationPlatforms) = postSolution
		{8D768989-9746-473D-B5BB-EDFFD62F87D9}.Debug|Any CPU.ActiveCfg = Debug|Any CPU
		{8D768989-9746-473D-B5BB-EDFFD62F87D9}.Debug|Any CPU.Build.0 = Debug|Any CPU
		{8D768989-9746-473D-B5BB-EDFFD62F87D9}.Release|Any CPU.ActiveCfg = Release|Any CPU
		{8D768989-9746-473D-B5BB-EDFFD62F87D9}.Release|Any CPU.Build.0 = Release|Any CPU
		{B9CBEDCC-91FB-46D5-821F-34EDC1D1288D}.Debug|Any CPU.ActiveCfg = Debug|Any CPU
		{B9CBEDCC-91FB-46D5-821F-34EDC1D1288D}.Debug|Any CPU.Build.0 = Debug|Any CPU
		{B9CBEDCC-91FB-46D5-821F-34EDC1D1288D}.Release|Any CPU.ActiveCfg = Release|Any CPU
		{B9CBEDCC-91FB-46D5-821F-34EDC1D1288D}.Release|Any CPU.Build.0 = Release|Any CPU
	EndGlobalSection
	GlobalSection(SolutionProperties) = preSolution
		HideSolutionNode = FALSE
	EndGlobalSection
	GlobalSection(ExtensibilityGlobals) = postSolution
		SolutionGuid = {DA5AED36-74C4-459B-B568-E720FD1BAA16}
	EndGlobalSection
EndGlobal
