
Microsoft Visual Studio Solution File, Format Version 12.00
# Visual Studio Version 16
VisualStudioVersion = 16.0.30503.244
MinimumVisualStudioVersion = 10.0.40219.1
Project("{FAE04EC0-301F-11D3-BF4B-00C04F79EFBC}") = "SimulatorTest", "SimulatorTest\SimulatorTest.csproj", "{20588E09-75D4-4692-ADE3-B2124B40AF8E}"
EndProject
Global
	GlobalSection(SolutionConfigurationPlatforms) = preSolution
		Debug|Any CPU = Debug|Any CPU
		Release|Any CPU = Release|Any CPU
	EndGlobalSection
	GlobalSection(ProjectConfigurationPlatforms) = postSolution
		{20588E09-75D4-4692-ADE3-B2124B40AF8E}.Debug|Any CPU.ActiveCfg = Debug|Any CPU
		{20588E09-75D4-4692-ADE3-B2124B40AF8E}.Debug|Any CPU.Build.0 = Debug|Any CPU
		{20588E09-75D4-4692-ADE3-B2124B40AF8E}.Release|Any CPU.ActiveCfg = Release|Any CPU
		{20588E09-75D4-4692-ADE3-B2124B40AF8E}.Release|Any CPU.Build.0 = Release|Any CPU
	EndGlobalSection
	GlobalSection(SolutionProperties) = preSolution
		HideSolutionNode = FALSE
	EndGlobalSection
	GlobalSection(ExtensibilityGlobals) = postSolution
		SolutionGuid = {5C3E40D5-7B1E-40B8-A5B0-88631E253339}
	EndGlobalSection
EndGlobal
